github.com/airbnb/lottie-web v5.12.2+incompatible h1:Ldogtlhiucf7mMsgisyxSBY0qunV44+lpa9Icy2KoQc=
github.com/airbnb/lottie-web v5.12.2+incompatible/go.mod h1:nTss557UK9FGnp8QYlCMO29tjUHwbdAHG/DprbGfHGE=
github.com/gethinode/hinode v0.26.7 h1:KxsuJ7n6M8DYQNasw8KOAGWUb/OsxA6SMkKDDTcvorU=
github.com/gethinode/hinode v0.26.7/go.mod h1:YYtAJzvr7yTsc/7agiyDyMWm1QMHynqmR/+F5jfUrDQ=
github.com/gethinode/mod-bootstrap v1.3.1 h1:ZUX72St0WZ5tyXpEPBJlayX/dmCH3cGErzsozkUKCok=
github.com/gethinode/mod-bootstrap v1.3.1/go.mod h1:CL9IDot6nbXIWJYE/KxfsTdYYEJIGL17BXbAYPn+wVQ=
github.com/gethinode/mod-flexsearch/v2 v2.0.1 h1:5unGUSb1tX1LBtKygnLfdt7CnVJuFKSt6VXiKRxdojc=
github.com/gethinode/mod-flexsearch/v2 v2.0.1/go.mod h1:d7MMkVlz0l6cEk76e0mkveEsDxGfu5Sv+HUIhoGguhE=
github.com/gethinode/mod-fontawesome v1.10.0 h1:Izs2AKc+YVBa1TywcH54OKLTNCUMXRoFIqOs+n0FgOo=
github.com/gethinode/mod-fontawesome v1.10.0/go.mod h1:xBKsZH3WJtMOItZVlp9SbO51uaBy6IbvUZSKpNu3b6Y=
github.com/gethinode/mod-katex v1.1.2 h1:TbeVIWeG5TqldlVxpM1upOWj11RljXy4fhpOQIwOnS4=
github.com/gethinode/mod-katex v1.1.2/go.mod h1:byAfpI3wuqNJIooTGVEGc1cjBhhCy4+CcK1H6495MYg=
github.com/gethinode/mod-leaflet v1.1.1 h1:AIHR4k8SjmeoZxtjLgSS6/N3jKeZNZGdZTgu/7MwP4c=
github.com/gethinode/mod-leaflet v1.1.1/go.mod h1:Ei0x9WiL7Dbi4JeG6yI1CE63bT1QJ8sKi67Jea1wFSE=
github.com/gethinode/mod-lottie v1.5.8 h1:glg5HcjOBkFt5MoF7p24NN+RzctExPQUDXvdhPx9u6I=
github.com/gethinode/mod-lottie v1.5.8/go.mod h1:Z/FlAcCJWYI1Z9tQnL0yRN4lqhyZl9CqYpfJUPVDaGc=
github.com/gethinode/mod-simple-datatables v1.0.10 h1:/nYy4oCgooUJhTBgLdQzMnJEjolkD+dp2nkfLNT9Klg=
github.com/gethinode/mod-simple-datatables v1.0.10/go.mod h1:rgQWdDZ6lTR9+08dGY1zBDLZI/UneKPufakAK20+lmI=
github.com/gethinode/mod-utils/v2 v2.8.0 h1:BdB+onItuO29g5ZLEz/HEwq9c4xBEM4GGqQc3kQ++js=
github.com/gethinode/mod-utils/v2 v2.8.0/go.mod h1:GTYeknoLujNjfDxI+V9Dcug26CYJSTJ0B/U2dagw9oY=
github.com/hugomods/giscus v0.1.1 h1:Kb8137Cp2nQJPFb6e+CdXy8nyIAJ2dFIymG4bDdaXWI=
github.com/hugomods/giscus v0.1.1/go.mod h1:tCRkqNi/sMsLh3kjDesXZNzf4R/w+b5oc5boS/l8Jtw=
github.com/nextapps-de/flexsearch v0.0.0-20240501124520-961c3ae84a87 h1:6PNbL0/LxO8Xl8MZSe5uvCidYNpFTz9nlWTqj2qdlzA=
github.com/nextapps-de/flexsearch v0.0.0-20240501124520-961c3ae84a87/go.mod h1:5GdMfPAXzbA2gXBqTjC6l27kioSYzHlqDMh0+wyx7sU=
github.com/twbs/bootstrap v5.3.3+incompatible h1:goFoqinzdHfkeegpFP7pvhbd0g+A3O2hbU3XCjuNrEQ=
github.com/twbs/bootstrap v5.3.3+incompatible/go.mod h1:fZTSrkpSf0/HkL0IIJzvVspTt1r9zuf7XlZau8kpcY0=
