github.com/gethinode/hinode v0.23.4 h1:+3G9qg0jjrRiPsR0U1UGSO9IgJWbmS3t1IbrbOlGQOo=
github.com/gethinode/hinode v0.23.4/go.mod h1:jGj5lTBDHl5jRPP+8NEUgRN2xzlLkyy5hB8jVpMBU1w=
github.com/hugomods/giscus v0.1.1 h1:Kb8137Cp2nQJPFb6e+CdXy8nyIAJ2dFIymG4bDdaXWI=
github.com/hugomods/giscus v0.1.1/go.mod h1:tCRkqNi/sMsLh3kjDesXZNzf4R/w+b5oc5boS/l8Jtw=
